// !$*UTF8*$!
{
	archiveVersion = 1;
	classes = {
	};
	objectVersion = 46;
	objects = {

/* Begin PBXBuildFile section */
		99198F222174D047003DF158 /* GoogleService-Info.plist in Resources */ = {isa = PBXBuildFile; fileRef = 99198F212174D047003DF158 /* GoogleService-Info.plist */; };
		99198F242174D6C1003DF158 /* ViewController2.swift in Sources */ = {isa = PBXBuildFile; fileRef = 99198F232174D6C1003DF158 /* ViewController2.swift */; };
		992EBE7D2173BF1100FDA2B2 /* AppDelegate.swift in Sources */ = {isa = PBXBuildFile; fileRef = 992EBE7C2173BF1100FDA2B2 /* AppDelegate.swift */; };
		992EBE7F2173BF1100FDA2B2 /* ViewController.swift in Sources */ = {isa = PBXBuildFile; fileRef = 992EBE7E2173BF1100FDA2B2 /* ViewController.swift */; };
		992EBE822173BF1100FDA2B2 /* Main.storyboard in Resources */ = {isa = PBXBuildFile; fileRef = 992EBE802173BF1100FDA2B2 /* Main.storyboard */; };
		992EBE842173BF1100FDA2B2 /* Assets.xcassets in Resources */ = {isa = PBXBuildFile; fileRef = 992EBE832173BF1100FDA2B2 /* Assets.xcassets */; };
		992EBE872173BF1100FDA2B2 /* LaunchScreen.storyboard in Resources */ = {isa = PBXBuildFile; fileRef = 992EBE852173BF1100FDA2B2 /* LaunchScreen.storyboard */; };
		DC54FC27D8EEB1BE192A2753 /* Pods_Firebase_login.framework in Frameworks */ = {isa = PBXBuildFile; fileRef = 51A6CFF7C7EFA5C5716E33F0 /* Pods_Firebase_login.framework */; };
/* End PBXBuildFile section */

/* Begin PBXFileReference section */
		51A6CFF7C7EFA5C5716E33F0 /* Pods_Firebase_login.framework */ = {isa = PBXFileReference; explicitFileType = wrapper.framework; includeInIndex = 0; path = Pods_Firebase_login.framework; sourceTree = BUILT_PRODUCTS_DIR; };
		99198F212174D047003DF158 /* GoogleService-Info.plist */ = {isa = PBXFileReference; fileEncoding = 4; lastKnownFileType = text.plist.xml; path = "GoogleService-Info.plist"; sourceTree = "<group>"; };
		99198F232174D6C1003DF158 /* ViewController2.swift */ = {isa = PBXFileReference; fileEncoding = 4; lastKnownFileType = sourcecode.swift; path = ViewController2.swift; sourceTree = "<group>"; };
		992EBE792173BF1000FDA2B2 /* Firebase login.app */ = {isa = PBXFileReference; explicitFileType = wrapper.application; includeInIndex = 0; path = "Firebase login.app"; sourceTree = BUILT_PRODUCTS_DIR; };
		992EBE7C2173BF1100FDA2B2 /* AppDelegate.swift */ = {isa = PBXFileReference; lastKnownFileType = sourcecode.swift; path = AppDelegate.swift; sourceTree = "<group>"; };
		992EBE7E2173BF1100FDA2B2 /* ViewController.swift */ = {isa = PBXFileReference; lastKnownFileType = sourcecode.swift; path = ViewController.swift; sourceTree = "<group>"; };
		992EBE812173BF1100FDA2B2 /* Base */ = {isa = PBXFileReference; lastKnownFileType = file.storyboard; name = Base; path = Base.lproj/Main.storyboard; sourceTree = "<group>"; };
		992EBE832173BF1100FDA2B2 /* Assets.xcassets */ = {isa = PBXFileReference; lastKnownFileType = folder.assetcatalog; path = Assets.xcassets; sourceTree = "<group>"; };
		992EBE862173BF1100FDA2B2 /* Base */ = {isa = PBXFileReference; lastKnownFileType = file.storyboard; name = Base; path = Base.lproj/LaunchScreen.storyboard; sourceTree = "<group>"; };
		992EBE882173BF1100FDA2B2 /* Info.plist */ = {isa = PBXFileReference; lastKnownFileType = text.plist.xml; path = Info.plist; sourceTree = "<group>"; };
		B66C9DC1B37875B19812CB69 /* Pods-Firebase login.debug.xcconfig */ = {isa = PBXFileReference; includeInIndex = 1; lastKnownFileType = text.xcconfig; name = "Pods-Firebase login.debug.xcconfig"; path = "Pods/Target Support Files/Pods-Firebase login/Pods-Firebase login.debug.xcconfig"; sourceTree = "<group>"; };
		E49BED125982B4E6E591E911 /* Pods-Firebase login.release.xcconfig */ = {isa = PBXFileReference; includeInIndex = 1; lastKnownFileType = text.xcconfig; name = "Pods-Firebase login.release.xcconfig"; path = "Pods/Target Support Files/Pods-Firebase login/Pods-Firebase login.release.xcconfig"; sourceTree = "<group>"; };
/* End PBXFileReference section */

/* Begin PBXFrameworksBuildPhase section */
		992EBE762173BF1000FDA2B2 /* Frameworks */ = {
			isa = PBXFrameworksBuildPhase;
			buildActionMask = 2147483647;
			files = (
				DC54FC27D8EEB1BE192A2753 /* Pods_Firebase_login.framework in Frameworks */,
			);
			runOnlyForDeploymentPostprocessing = 0;
		};
/* End PBXFrameworksBuildPhase section */

/* Begin PBXGroup section */
		7D62F948B70932E08EEB1158 /* Pods */ = {
			isa = PBXGroup;
			children = (
				B66C9DC1B37875B19812CB69 /* Pods-Firebase login.debug.xcconfig */,
				E49BED125982B4E6E591E911 /* Pods-Firebase login.release.xcconfig */,
			);
			name = Pods;
			sourceTree = "<group>";
		};
		8A7A2FC595C935B87CD94FB7 /* Frameworks */ = {
			isa = PBXGroup;
			children = (
				51A6CFF7C7EFA5C5716E33F0 /* Pods_Firebase_login.framework */,
			);
			name = Frameworks;
			sourceTree = "<group>";
		};
		992EBE702173BF1000FDA2B2 = {
			isa = PBXGroup;
			children = (
				992EBE7B2173BF1100FDA2B2 /* Firebase login */,
				992EBE7A2173BF1100FDA2B2 /* Products */,
				7D62F948B70932E08EEB1158 /* Pods */,
				8A7A2FC595C935B87CD94FB7 /* Frameworks */,
			);
			sourceTree = "<group>";
		};
		992EBE7A2173BF1100FDA2B2 /* Products */ = {
			isa = PBXGroup;
			children = (
				992EBE792173BF1000FDA2B2 /* Firebase login.app */,
			);
			name = Products;
			sourceTree = "<group>";
		};
		992EBE7B2173BF1100FDA2B2 /* Firebase login */ = {
			isa = PBXGroup;
			children = (
				992EBE7C2173BF1100FDA2B2 /* AppDelegate.swift */,
				992EBE7E2173BF1100FDA2B2 /* ViewController.swift */,
				99198F232174D6C1003DF158 /* ViewController2.swift */,
				992EBE802173BF1100FDA2B2 /* Main.storyboard */,
				992EBE832173BF1100FDA2B2 /* Assets.xcassets */,
				992EBE852173BF1100FDA2B2 /* LaunchScreen.storyboard */,
				992EBE882173BF1100FDA2B2 /* Info.plist */,
				99198F212174D047003DF158 /* GoogleService-Info.plist */,
			);
			path = "Firebase login";
			sourceTree = "<group>";
		};
/* End PBXGroup section */

/* Begin PBXNativeTarget section */
		992EBE782173BF1000FDA2B2 /* Firebase login */ = {
			isa = PBXNativeTarget;
			buildConfigurationList = 992EBE8B2173BF1100FDA2B2 /* Build configuration list for PBXNativeTarget "Firebase login" */;
			buildPhases = (
				3BCF9042BE3EEC28019D2516 /* [CP] Check Pods Manifest.lock */,
				992EBE752173BF1000FDA2B2 /* Sources */,
				992EBE762173BF1000FDA2B2 /* Frameworks */,
				992EBE772173BF1000FDA2B2 /* Resources */,
				6F398C12BA436350340C0813 /* [CP] Embed Pods Frameworks */,
			);
			buildRules = (
			);
			dependencies = (
			);
			name = "Firebase login";
			productName = "Firebase login";
			productReference = 992EBE792173BF1000FDA2B2 /* Firebase login.app */;
			productType = "com.apple.product-type.application";
		};
/* End PBXNativeTarget section */

/* Begin PBXProject section */
		992EBE712173BF1000FDA2B2 /* Project object */ = {
			isa = PBXProject;
			attributes = {
				LastSwiftUpdateCheck = 0820;
				LastUpgradeCheck = 0820;
				ORGANIZATIONNAME = "Ahmed nabil";
				TargetAttributes = {
					992EBE782173BF1000FDA2B2 = {
						CreatedOnToolsVersion = 8.2.1;
						ProvisioningStyle = Automatic;
					};
				};
			};
			buildConfigurationList = 992EBE742173BF1000FDA2B2 /* Build configuration list for PBXProject "Firebase login" */;
			compatibilityVersion = "Xcode 3.2";
			developmentRegion = English;
			hasScannedForEncodings = 0;
			knownRegions = (
				en,
				Base,
			);
			mainGroup = 992EBE702173BF1000FDA2B2;
			productRefGroup = 992EBE7A2173BF1100FDA2B2 /* Products */;
			projectDirPath = "";
			projectRoot = "";
			targets = (
				992EBE782173BF1000FDA2B2 /* Firebase login */,
			);
		};
/* End PBXProject section */

/* Begin PBXResourcesBuildPhase section */
		992EBE772173BF1000FDA2B2 /* Resources */ = {
			isa = PBXResourcesBuildPhase;
			buildActionMask = 2147483647;
			files = (
				992EBE872173BF1100FDA2B2 /* LaunchScreen.storyboard in Resources */,
				99198F222174D047003DF158 /* GoogleService-Info.plist in Resources */,
				992EBE842173BF1100FDA2B2 /* Assets.xcassets in Resources */,
				992EBE822173BF1100FDA2B2 /* Main.storyboard in Resources */,
			);
			runOnlyForDeploymentPostprocessing = 0;
		};
/* End PBXResourcesBuildPhase section */

/* Begin PBXShellScriptBuildPhase section */
		3BCF9042BE3EEC28019D2516 /* [CP] Check Pods Manifest.lock */ = {
			isa = PBXShellScriptBuildPhase;
			buildActionMask = 2147483647;
			files = (
			);
			inputPaths = (
				"${PODS_PODFILE_DIR_PATH}/Podfile.lock",
				"${PODS_ROOT}/Manifest.lock",
			);
			name = "[CP] Check Pods Manifest.lock";
			outputPaths = (
				"$(DERIVED_FILE_DIR)/Pods-Firebase login-checkManifestLockResult.txt",
			);
			runOnlyForDeploymentPostprocessing = 0;
			shellPath = /bin/sh;
			shellScript = "diff \"${PODS_PODFILE_DIR_PATH}/Podfile.lock\" \"${PODS_ROOT}/Manifest.lock\" > /dev/null\nif [ $? != 0 ] ; then\n    # print error to STDERR\n    echo \"error: The sandbox is not in sync with the Podfile.lock. Run 'pod install' or update your CocoaPods installation.\" >&2\n    exit 1\nfi\n# This output is used by Xcode 'outputs' to avoid re-running this script phase.\necho \"SUCCESS\" > \"${SCRIPT_OUTPUT_FILE_0}\"\n";
			showEnvVarsInLog = 0;
		};
		6F398C12BA436350340C0813 /* [CP] Embed Pods Frameworks */ = {
			isa = PBXShellScriptBuildPhase;
			buildActionMask = 2147483647;
			files = (
			);
			inputPaths = (
				"${SRCROOT}/Pods/Target Support Files/Pods-Firebase login/Pods-Firebase login-frameworks.sh",
				"${BUILT_PRODUCTS_DIR}/GTMSessionFetcher/GTMSessionFetcher.framework",
				"${BUILT_PRODUCTS_DIR}/GoogleToolboxForMac/GoogleToolboxForMac.framework",
				"${BUILT_PRODUCTS_DIR}/nanopb/nanopb.framework",
			);
			name = "[CP] Embed Pods Frameworks";
			outputPaths = (
				"${TARGET_BUILD_DIR}/${FRAMEWORKS_FOLDER_PATH}/GTMSessionFetcher.framework",
				"${TARGET_BUILD_DIR}/${FRAMEWORKS_FOLDER_PATH}/GoogleToolboxForMac.framework",
				"${TARGET_BUILD_DIR}/${FRAMEWORKS_FOLDER_PATH}/nanopb.framework",
			);
			runOnlyForDeploymentPostprocessing = 0;
			shellPath = /bin/sh;
			shellScript = "\"${SRCROOT}/Pods/Target Support Files/Pods-Firebase login/Pods-Firebase login-frameworks.sh\"\n";
			showEnvVarsInLog = 0;
		};
/* End PBXShellScriptBuildPhase section */

/* Begin PBXSourcesBuildPhase section */
		992EBE752173BF1000FDA2B2 /* Sources */ = {
			isa = PBXSourcesBuildPhase;
			buildActionMask = 2147483647;
			files = (
				992EBE7F2173BF1100FDA2B2 /* ViewController.swift in Sources */,
				992EBE7D2173BF1100FDA2B2 /* AppDelegate.swift in Sources */,
				99198F242174D6C1003DF158 /* ViewController2.swift in Sources */,
			);
			runOnlyForDeploymentPostprocessing = 0;
		};
/* End PBXSourcesBuildPhase section */

/* Begin PBXVariantGroup section */
		992EBE802173BF1100FDA2B2 /* Main.storyboard */ = {
			isa = PBXVariantGroup;
			children = (
				992EBE812173BF1100FDA2B2 /* Base */,
			);
			name = Main.storyboard;
			sourceTree = "<group>";
		};
		992EBE852173BF1100FDA2B2 /* LaunchScreen.storyboard */ = {
			isa = PBXVariantGroup;
			children = (
				992EBE862173BF1100FDA2B2 /* Base */,
			);
			name = LaunchScreen.storyboard;
			sourceTree = "<group>";
		};
/* End PBXVariantGroup section */

/* Begin XCBuildConfiguration section */
		992EBE892173BF1100FDA2B2 /* Debug */ = {
			isa = XCBuildConfiguration;
			buildSettings = {
				ALWAYS_SEARCH_USER_PATHS = NO;
				CLANG_ANALYZER_NONNULL = YES;
				CLANG_CXX_LANGUAGE_STANDARD = "gnu++0x";
				CLANG_CXX_LIBRARY = "libc++";
				CLANG_ENABLE_MODULES = YES;
				CLANG_ENABLE_OBJC_ARC = YES;
				CLANG_WARN_BOOL_CONVERSION = YES;
				CLANG_WARN_CONSTANT_CONVERSION = YES;
				CLANG_WARN_DIRECT_OBJC_ISA_USAGE = YES_ERROR;
				CLANG_WARN_DOCUMENTATION_COMMENTS = YES;
				CLANG_WARN_EMPTY_BODY = YES;
				CLANG_WARN_ENUM_CONVERSION = YES;
				CLANG_WARN_INFINITE_RECURSION = YES;
				CLANG_WARN_INT_CONVERSION = YES;
				CLANG_WARN_OBJC_ROOT_CLASS = YES_ERROR;
				CLANG_WARN_SUSPICIOUS_MOVE = YES;
				CLANG_WARN_UNREACHABLE_CODE = YES;
				CLANG_WARN__DUPLICATE_METHOD_MATCH = YES;
				"CODE_SIGN_IDENTITY[sdk=iphoneos*]" = "iPhone Developer";
				COPY_PHASE_STRIP = NO;
				DEBUG_INFORMATION_FORMAT = dwarf;
				ENABLE_STRICT_OBJC_MSGSEND = YES;
				ENABLE_TESTABILITY = YES;
				GCC_C_LANGUAGE_STANDARD = gnu99;
				GCC_DYNAMIC_NO_PIC = NO;
				GCC_NO_COMMON_BLOCKS = YES;
				GCC_OPTIMIZATION_LEVEL = 0;
				GCC_PREPROCESSOR_DEFINITIONS = (
					"DEBUG=1",
					"$(inherited)",
				);
				GCC_WARN_64_TO_32_BIT_CONVERSION = YES;
				GCC_WARN_ABOUT_RETURN_TYPE = YES_ERROR;
				GCC_WARN_UNDECLARED_SELECTOR = YES;
				GCC_WARN_UNINITIALIZED_AUTOS = YES_AGGRESSIVE;
				GCC_WARN_UNUSED_FUNCTION = YES;
				GCC_WARN_UNUSED_VARIABLE = YES;
				IPHONEOS_DEPLOYMENT_TARGET = 10.2;
				MTL_ENABLE_DEBUG_INFO = YES;
				ONLY_ACTIVE_ARCH = YES;
				SDKROOT = iphoneos;
				SWIFT_ACTIVE_COMPILATION_CONDITIONS = DEBUG;
				SWIFT_OPTIMIZATION_LEVEL = "-Onone";
				TARGETED_DEVICE_FAMILY = "1,2";
			};
			name = Debug;
		};
		992EBE8A2173BF1100FDA2B2 /* Release */ = {
			isa = XCBuildConfiguration;
			buildSettings = {
				ALWAYS_SEARCH_USER_PATHS = NO;
				CLANG_ANALYZER_NONNULL = YES;
				CLANG_CXX_LANGUAGE_STANDARD = "gnu++0x";
				CLANG_CXX_LIBRARY = "libc++";
				CLANG_ENABLE_MODULES = YES;
				CLANG_ENABLE_OBJC_ARC = YES;
				CLANG_WARN_BOOL_CONVERSION = YES;
				CLANG_WARN_CONSTANT_CONVERSION = YES;
				CLANG_WARN_DIRECT_OBJC_ISA_USAGE = YES_ERROR;
				CLANG_WARN_DOCUMENTATION_COMMENTS = YES;
				CLANG_WARN_EMPTY_BODY = YES;
				CLANG_WARN_ENUM_CONVERSION = YES;
				CLANG_WARN_INFINITE_RECURSION = YES;
				CLANG_WARN_INT_CONVERSION = YES;
				CLANG_WARN_OBJC_ROOT_CLASS = YES_ERROR;
				CLANG_WARN_SUSPICIOUS_MOVE = YES;
				CLANG_WARN_UNREACHABLE_CODE = YES;
				CLANG_WARN__DUPLICATE_METHOD_MATCH = YES;
				"CODE_SIGN_IDENTITY[sdk=iphoneos*]" = "iPhone Developer";
				COPY_PHASE_STRIP = NO;
				DEBUG_INFORMATION_FORMAT = "dwarf-with-dsym";
				ENABLE_NS_ASSERTIONS = NO;
				ENABLE_STRICT_OBJC_MSGSEND = YES;
				GCC_C_LANGUAGE_STANDARD = gnu99;
				GCC_NO_COMMON_BLOCKS = YES;
				GCC_WARN_64_TO_32_BIT_CONVERSION = YES;
				GCC_WARN_ABOUT_RETURN_TYPE = YES_ERROR;
				GCC_WARN_UNDECLARED_SELECTOR = YES;
				GCC_WARN_UNINITIALIZED_AUTOS = YES_AGGRESSIVE;
				GCC_WARN_UNUSED_FUNCTION = YES;
				GCC_WARN_UNUSED_VARIABLE = YES;
				IPHONEOS_DEPLOYMENT_TARGET = 10.2;
				MTL_ENABLE_DEBUG_INFO = NO;
				SDKROOT = iphoneos;
				SWIFT_OPTIMIZATION_LEVEL = "-Owholemodule";
				TARGETED_DEVICE_FAMILY = "1,2";
				VALIDATE_PRODUCT = YES;
			};
			name = Release;
		};
		992EBE8C2173BF1100FDA2B2 /* Debug */ = {
			isa = XCBuildConfiguration;
			baseConfigurationReference = B66C9DC1B37875B19812CB69 /* Pods-Firebase login.debug.xcconfig */;
			buildSettings = {
				ASSETCATALOG_COMPILER_APPICON_NAME = AppIcon;
				INFOPLIST_FILE = "Firebase login/Info.plist";
				LD_RUNPATH_SEARCH_PATHS = "$(inherited) @executable_path/Frameworks";
				PRODUCT_BUNDLE_IDENTIFIER = "we.Firebase-login";
				PRODUCT_NAME = "$(TARGET_NAME)";
				SWIFT_VERSION = 3.0;
			};
			name = Debug;
		};
		992EBE8D2173BF1100FDA2B2 /* Release */ = {
			isa = XCBuildConfiguration;
			baseConfigurationReference = E49BED125982B4E6E591E911 /* Pods-Firebase login.release.xcconfig */;
			buildSettings = {
				ASSETCATALOG_COMPILER_APPICON_NAME = AppIcon;
				INFOPLIST_FILE = "Firebase login/Info.plist";
				LD_RUNPATH_SEARCH_PATHS = "$(inherited) @executable_path/Frameworks";
				PRODUCT_BUNDLE_IDENTIFIER = "we.Firebase-login";
				PRODUCT_NAME = "$(TARGET_NAME)";
				SWIFT_VERSION = 3.0;
			};
			name = Release;
		};
/* End XCBuildConfiguration section */

/* Begin XCConfigurationList section */
		992EBE742173BF1000FDA2B2 /* Build configuration list for PBXProject "Firebase login" */ = {
			isa = XCConfigurationList;
			buildConfigurations = (
				992EBE892173BF1100FDA2B2 /* Debug */,
				992EBE8A2173BF1100FDA2B2 /* Release */,
			);
			defaultConfigurationIsVisible = 0;
			defaultConfigurationName = Release;
		};
		992EBE8B2173BF1100FDA2B2 /* Build configuration list for PBXNativeTarget "Firebase login" */ = {
			isa = XCConfigurationList;
			buildConfigurations = (
				992EBE8C2173BF1100FDA2B2 /* Debug */,
				992EBE8D2173BF1100FDA2B2 /* Release */,
			);
			defaultConfigurationIsVisible = 0;
			defaultConfigurationName = Release;
		};
/* End XCConfigurationList section */
	};
	rootObject = 992EBE712173BF1000FDA2B2 /* Project object */;
}
